
Microsoft Visual Studio Solution File, Format Version 12.00
# Visual Studio Version 16
VisualStudioVersion = 16.0.30114.105
MinimumVisualStudioVersion = 10.0.40219.1
Project("{9A19103F-16F7-4668-BE54-9A1E7A4F7556}") = "SimplePNML", "SimplePNML\SimplePNML.csproj", "{9EAA434F-306D-4555-AAF5-0C9BAEF8181A}"
EndProject
Project("{9A19103F-16F7-4668-BE54-9A1E7A4F7556}") = "SimplePNML.Tests", "SimplePNML.Tests\SimplePNML.Tests.csproj", "{CB75882C-2605-4241-A6F1-AB73E5FBF70B}"
EndProject
Project("{2150E333-8FDC-42A3-9474-1A3956D46DE8}") = "Solution Items", "Solution Items", "{6DD84071-20FD-40B8-8836-368D2FC95ECF}"
	ProjectSection(SolutionItems) = preProject
		..\build.cake = ..\build.cake
		..\README.md = ..\README.md
	EndProjectSection
EndProject
Global
	GlobalSection(SolutionConfigurationPlatforms) = preSolution
		Debug|Any CPU = Debug|Any CPU
		Release|Any CPU = Release|Any CPU
	EndGlobalSection
	GlobalSection(ProjectConfigurationPlatforms) = postSolution
		{9EAA434F-306D-4555-AAF5-0C9BAEF8181A}.Debug|Any CPU.ActiveCfg = Debug|Any CPU
		{9EAA434F-306D-4555-AAF5-0C9BAEF8181A}.Debug|Any CPU.Build.0 = Debug|Any CPU
		{9EAA434F-306D-4555-AAF5-0C9BAEF8181A}.Release|Any CPU.ActiveCfg = Release|Any CPU
		{9EAA434F-306D-4555-AAF5-0C9BAEF8181A}.Release|Any CPU.Build.0 = Release|Any CPU
		{CB75882C-2605-4241-A6F1-AB73E5FBF70B}.Debug|Any CPU.ActiveCfg = Debug|Any CPU
		{CB75882C-2605-4241-A6F1-AB73E5FBF70B}.Debug|Any CPU.Build.0 = Debug|Any CPU
		{CB75882C-2605-4241-A6F1-AB73E5FBF70B}.Release|Any CPU.ActiveCfg = Release|Any CPU
		{CB75882C-2605-4241-A6F1-AB73E5FBF70B}.Release|Any CPU.Build.0 = Release|Any CPU
	EndGlobalSection
	GlobalSection(SolutionProperties) = preSolution
		HideSolutionNode = FALSE
	EndGlobalSection
	GlobalSection(ExtensibilityGlobals) = postSolution
		SolutionGuid = {888D4595-88A9-4C7A-A660-AE2C64283793}
	EndGlobalSection
EndGlobal
